// !$*UTF8*$!
{
	archiveVersion = 1;
	classes = {
	};
	objectVersion = 46;
	objects = {

/* Begin PBXBuildFile section */
		0D03EBE31E56B1E700C55E6B /* RNiBeacon.m in Sources */ = {isa = PBXBuildFile; fileRef = 0D03EBE21E56B1E700C55E6B /* RNiBeacon.m */; };
		0D03EBE41E56B1E700C55E6B /* RNiBeacon.h in CopyFiles */ = {isa = PBXBuildFile; fileRef = 0D03EBE11E56B1E700C55E6B /* RNiBeacon.h */; };
		BFEB98901F7E53A800C8641E /* RNLLocationTracker.m in Sources */ = {isa = PBXBuildFile; fileRef = BFEB98801F7E53A600C8641E /* RNLLocationTracker.m */; };
		BFEB98911F7E53A800C8641E /* RNLBeacon.m in Sources */ = {isa = PBXBuildFile; fileRef = BFEB98821F7E53A600C8641E /* RNLBeacon.m */; };
		BFEB98921F7E53A800C8641E /* RNLBeaconScanner.m in Sources */ = {isa = PBXBuildFile; fileRef = BFEB98851F7E53A600C8641E /* RNLBeaconScanner.m */; };
		BFEB98931F7E53A800C8641E /* RNEddystone.m in Sources */ = {isa = PBXBuildFile; fileRef = BFEB98871F7E53A600C8641E /* RNEddystone.m */; };
		BFEB98941F7E53A800C8641E /* RNLBeacon+Distance.m in Sources */ = {isa = PBXBuildFile; fileRef = BFEB98891F7E53A700C8641E /* RNLBeacon+Distance.m */; };
		BFEB98951F7E53A800C8641E /* RNLBeaconTracker.m in Sources */ = {isa = PBXBuildFile; fileRef = BFEB988A1F7E53A700C8641E /* RNLBeaconTracker.m */; };
		BFEB98961F7E53A800C8641E /* RNLSignalMeasurement.m in Sources */ = {isa = PBXBuildFile; fileRef = BFEB988C1F7E53A700C8641E /* RNLSignalMeasurement.m */; };
		BFEB98971F7E53A800C8641E /* RNLBeaconParser.m in Sources */ = {isa = PBXBuildFile; fileRef = BFEB988F1F7E53A700C8641E /* RNLBeaconParser.m */; };
/* End PBXBuildFile section */

/* Begin PBXCopyFilesBuildPhase section */
		0D03EBDC1E56B1E600C55E6B /* CopyFiles */ = {
			isa = PBXCopyFilesBuildPhase;
			buildActionMask = 2147483647;
			dstPath = "include/$(PRODUCT_NAME)";
			dstSubfolderSpec = 16;
			files = (
				0D03EBE41E56B1E700C55E6B /* RNiBeacon.h in CopyFiles */,
			);
			runOnlyForDeploymentPostprocessing = 0;
		};
/* End PBXCopyFilesBuildPhase section */

/* Begin PBXFileReference section */
		0D03EBDE1E56B1E700C55E6B /* libRNiBeacon.a */ = {isa = PBXFileReference; explicitFileType = archive.ar; includeInIndex = 0; path = libRNiBeacon.a; sourceTree = BUILT_PRODUCTS_DIR; };
		0D03EBE11E56B1E700C55E6B /* RNiBeacon.h */ = {isa = PBXFileReference; lastKnownFileType = sourcecode.c.h; path = RNiBeacon.h; sourceTree = "<group>"; };
		0D03EBE21E56B1E700C55E6B /* RNiBeacon.m */ = {isa = PBXFileReference; lastKnownFileType = sourcecode.c.objc; path = RNiBeacon.m; sourceTree = "<group>"; };
		BFEB98801F7E53A600C8641E /* RNLLocationTracker.m */ = {isa = PBXFileReference; fileEncoding = 4; lastKnownFileType = sourcecode.c.objc; path = RNLLocationTracker.m; sourceTree = "<group>"; };
		BFEB98811F7E53A600C8641E /* RNLSignalMeasurement.h */ = {isa = PBXFileReference; fileEncoding = 4; lastKnownFileType = sourcecode.c.h; path = RNLSignalMeasurement.h; sourceTree = "<group>"; };
		BFEB98821F7E53A600C8641E /* RNLBeacon.m */ = {isa = PBXFileReference; fileEncoding = 4; lastKnownFileType = sourcecode.c.objc; path = RNLBeacon.m; sourceTree = "<group>"; };
		BFEB98831F7E53A600C8641E /* RNLBeaconScanner.h */ = {isa = PBXFileReference; fileEncoding = 4; lastKnownFileType = sourcecode.c.h; path = RNLBeaconScanner.h; sourceTree = "<group>"; };
		BFEB98841F7E53A600C8641E /* RNLLocationTracker.h */ = {isa = PBXFileReference; fileEncoding = 4; lastKnownFileType = sourcecode.c.h; path = RNLLocationTracker.h; sourceTree = "<group>"; };
		BFEB98851F7E53A600C8641E /* RNLBeaconScanner.m */ = {isa = PBXFileReference; fileEncoding = 4; lastKnownFileType = sourcecode.c.objc; path = RNLBeaconScanner.m; sourceTree = "<group>"; };
		BFEB98861F7E53A600C8641E /* RNLBeaconTracker.h */ = {isa = PBXFileReference; fileEncoding = 4; lastKnownFileType = sourcecode.c.h; path = RNLBeaconTracker.h; sourceTree = "<group>"; };
		BFEB98871F7E53A600C8641E /* RNEddystone.m */ = {isa = PBXFileReference; fileEncoding = 4; lastKnownFileType = sourcecode.c.objc; path = RNEddystone.m; sourceTree = "<group>"; };
		BFEB98881F7E53A700C8641E /* RNEddystone.h */ = {isa = PBXFileReference; fileEncoding = 4; lastKnownFileType = sourcecode.c.h; path = RNEddystone.h; sourceTree = "<group>"; };
		BFEB98891F7E53A700C8641E /* RNLBeacon+Distance.m */ = {isa = PBXFileReference; fileEncoding = 4; lastKnownFileType = sourcecode.c.objc; path = "RNLBeacon+Distance.m"; sourceTree = "<group>"; };
		BFEB988A1F7E53A700C8641E /* RNLBeaconTracker.m */ = {isa = PBXFileReference; fileEncoding = 4; lastKnownFileType = sourcecode.c.objc; path = RNLBeaconTracker.m; sourceTree = "<group>"; };
		BFEB988B1F7E53A700C8641E /* RNLBeacon.h */ = {isa = PBXFileReference; fileEncoding = 4; lastKnownFileType = sourcecode.c.h; path = RNLBeacon.h; sourceTree = "<group>"; };
		BFEB988C1F7E53A700C8641E /* RNLSignalMeasurement.m */ = {isa = PBXFileReference; fileEncoding = 4; lastKnownFileType = sourcecode.c.objc; path = RNLSignalMeasurement.m; sourceTree = "<group>"; };
		BFEB988D1F7E53A700C8641E /* RNLBeacon+Distance.h */ = {isa = PBXFileReference; fileEncoding = 4; lastKnownFileType = sourcecode.c.h; path = "RNLBeacon+Distance.h"; sourceTree = "<group>"; };
		BFEB988E1F7E53A700C8641E /* RNLBeaconParser.h */ = {isa = PBXFileReference; fileEncoding = 4; lastKnownFileType = sourcecode.c.h; path = RNLBeaconParser.h; sourceTree = "<group>"; };
		BFEB988F1F7E53A700C8641E /* RNLBeaconParser.m */ = {isa = PBXFileReference; fileEncoding = 4; lastKnownFileType = sourcecode.c.objc; path = RNLBeaconParser.m; sourceTree = "<group>"; };
/* End PBXFileReference section */

/* Begin PBXFrameworksBuildPhase section */
		0D03EBDB1E56B1E600C55E6B /* Frameworks */ = {
			isa = PBXFrameworksBuildPhase;
			buildActionMask = 2147483647;
			files = (
			);
			runOnlyForDeploymentPostprocessing = 0;
		};
/* End PBXFrameworksBuildPhase section */

/* Begin PBXGroup section */
		0D03EBD51E56B1E600C55E6B = {
			isa = PBXGroup;
			children = (
				0D03EBE01E56B1E700C55E6B /* RNiBeacon */,
				0D03EBDF1E56B1E700C55E6B /* Products */,
			);
			sourceTree = "<group>";
		};
		0D03EBDF1E56B1E700C55E6B /* Products */ = {
			isa = PBXGroup;
			children = (
				0D03EBDE1E56B1E700C55E6B /* libRNiBeacon.a */,
			);
			name = Products;
			sourceTree = "<group>";
		};
		0D03EBE01E56B1E700C55E6B /* RNiBeacon */ = {
			isa = PBXGroup;
			children = (
				BFEB98881F7E53A700C8641E /* RNEddystone.h */,
				BFEB98871F7E53A600C8641E /* RNEddystone.m */,
				BFEB988B1F7E53A700C8641E /* RNLBeacon.h */,
				BFEB98821F7E53A600C8641E /* RNLBeacon.m */,
				BFEB988D1F7E53A700C8641E /* RNLBeacon+Distance.h */,
				BFEB98891F7E53A700C8641E /* RNLBeacon+Distance.m */,
				BFEB988E1F7E53A700C8641E /* RNLBeaconParser.h */,
				BFEB988F1F7E53A700C8641E /* RNLBeaconParser.m */,
				BFEB98831F7E53A600C8641E /* RNLBeaconScanner.h */,
				BFEB98851F7E53A600C8641E /* RNLBeaconScanner.m */,
				BFEB98861F7E53A600C8641E /* RNLBeaconTracker.h */,
				BFEB988A1F7E53A700C8641E /* RNLBeaconTracker.m */,
				BFEB98841F7E53A600C8641E /* RNLLocationTracker.h */,
				BFEB98801F7E53A600C8641E /* RNLLocationTracker.m */,
				BFEB98811F7E53A600C8641E /* RNLSignalMeasurement.h */,
				BFEB988C1F7E53A700C8641E /* RNLSignalMeasurement.m */,
				0D03EBE11E56B1E700C55E6B /* RNiBeacon.h */,
				0D03EBE21E56B1E700C55E6B /* RNiBeacon.m */,
			);
			path = RNiBeacon;
			sourceTree = "<group>";
		};
/* End PBXGroup section */

/* Begin PBXNativeTarget section */
		0D03EBDD1E56B1E600C55E6B /* RNiBeacon */ = {
			isa = PBXNativeTarget;
			buildConfigurationList = 0D03EBE71E56B1E700C55E6B /* Build configuration list for PBXNativeTarget "RNiBeacon" */;
			buildPhases = (
				0D03EBDA1E56B1E600C55E6B /* Sources */,
				0D03EBDB1E56B1E600C55E6B /* Frameworks */,
				0D03EBDC1E56B1E600C55E6B /* CopyFiles */,
			);
			buildRules = (
			);
			dependencies = (
			);
			name = RNiBeacon;
			productName = RNiBeacon;
			productReference = 0D03EBDE1E56B1E700C55E6B /* libRNiBeacon.a */;
			productType = "com.apple.product-type.library.static";
		};
/* End PBXNativeTarget section */

/* Begin PBXProject section */
		0D03EBD61E56B1E600C55E6B /* Project object */ = {
			isa = PBXProject;
			attributes = {
				LastUpgradeCheck = 0820;
				ORGANIZATIONNAME = "Erwan DATIN";
				TargetAttributes = {
					0D03EBDD1E56B1E600C55E6B = {
						CreatedOnToolsVersion = 8.2.1;
						DevelopmentTeam = P297PK2LTE;
						ProvisioningStyle = Automatic;
					};
				};
			};
			buildConfigurationList = 0D03EBD91E56B1E600C55E6B /* Build configuration list for PBXProject "RNiBeacon" */;
			compatibilityVersion = "Xcode 3.2";
			developmentRegion = English;
			hasScannedForEncodings = 0;
			knownRegions = (
				en,
			);
			mainGroup = 0D03EBD51E56B1E600C55E6B;
			productRefGroup = 0D03EBDF1E56B1E700C55E6B /* Products */;
			projectDirPath = "";
			projectRoot = "";
			targets = (
				0D03EBDD1E56B1E600C55E6B /* RNiBeacon */,
			);
		};
/* End PBXProject section */

/* Begin PBXSourcesBuildPhase section */
		0D03EBDA1E56B1E600C55E6B /* Sources */ = {
			isa = PBXSourcesBuildPhase;
			buildActionMask = 2147483647;
			files = (
				BFEB98951F7E53A800C8641E /* RNLBeaconTracker.m in Sources */,
				BFEB98961F7E53A800C8641E /* RNLSignalMeasurement.m in Sources */,
				BFEB98911F7E53A800C8641E /* RNLBeacon.m in Sources */,
				BFEB98941F7E53A800C8641E /* RNLBeacon+Distance.m in Sources */,
				BFEB98901F7E53A800C8641E /* RNLLocationTracker.m in Sources */,
				0D03EBE31E56B1E700C55E6B /* RNiBeacon.m in Sources */,
				BFEB98921F7E53A800C8641E /* RNLBeaconScanner.m in Sources */,
				BFEB98931F7E53A800C8641E /* RNEddystone.m in Sources */,
				BFEB98971F7E53A800C8641E /* RNLBeaconParser.m in Sources */,
			);
			runOnlyForDeploymentPostprocessing = 0;
		};
/* End PBXSourcesBuildPhase section */

/* Begin XCBuildConfiguration section */
		0D03EBE51E56B1E700C55E6B /* Debug */ = {
			isa = XCBuildConfiguration;
			buildSettings = {
				ALWAYS_SEARCH_USER_PATHS = NO;
				CLANG_ANALYZER_NONNULL = YES;
				CLANG_CXX_LANGUAGE_STANDARD = "gnu++0x";
				CLANG_CXX_LIBRARY = "libc++";
				CLANG_ENABLE_MODULES = YES;
				CLANG_ENABLE_OBJC_ARC = YES;
				CLANG_WARN_BOOL_CONVERSION = YES;
				CLANG_WARN_CONSTANT_CONVERSION = YES;
				CLANG_WARN_DIRECT_OBJC_ISA_USAGE = YES_ERROR;
				CLANG_WARN_DOCUMENTATION_COMMENTS = YES;
				CLANG_WARN_EMPTY_BODY = YES;
				CLANG_WARN_ENUM_CONVERSION = YES;
				CLANG_WARN_INFINITE_RECURSION = YES;
				CLANG_WARN_INT_CONVERSION = YES;
				CLANG_WARN_OBJC_ROOT_CLASS = YES_ERROR;
				CLANG_WARN_SUSPICIOUS_MOVE = YES;
				CLANG_WARN_UNREACHABLE_CODE = YES;
				CLANG_WARN__DUPLICATE_METHOD_MATCH = YES;
				"CODE_SIGN_IDENTITY[sdk=iphoneos*]" = "iPhone Developer";
				COPY_PHASE_STRIP = NO;
				DEAD_CODE_STRIPPING = NO;
				DEBUG_INFORMATION_FORMAT = dwarf;
				ENABLE_STRICT_OBJC_MSGSEND = YES;
				ENABLE_TESTABILITY = YES;
				GCC_C_LANGUAGE_STANDARD = gnu99;
				GCC_DYNAMIC_NO_PIC = NO;
				GCC_NO_COMMON_BLOCKS = YES;
				GCC_OPTIMIZATION_LEVEL = 0;
				GCC_PREPROCESSOR_DEFINITIONS = (
					"DEBUG=1",
					"$(inherited)",
				);
				GCC_WARN_64_TO_32_BIT_CONVERSION = YES;
				GCC_WARN_ABOUT_RETURN_TYPE = YES_ERROR;
				GCC_WARN_UNDECLARED_SELECTOR = YES;
				GCC_WARN_UNINITIALIZED_AUTOS = YES_AGGRESSIVE;
				GCC_WARN_UNUSED_FUNCTION = YES;
				GCC_WARN_UNUSED_VARIABLE = YES;
				IPHONEOS_DEPLOYMENT_TARGET = 9.2;
				MTL_ENABLE_DEBUG_INFO = YES;
				ONLY_ACTIVE_ARCH = YES;
				SDKROOT = iphoneos;
			};
			name = Debug;
		};
		0D03EBE61E56B1E700C55E6B /* Release */ = {
			isa = XCBuildConfiguration;
			buildSettings = {
				ALWAYS_SEARCH_USER_PATHS = NO;
				CLANG_ANALYZER_NONNULL = YES;
				CLANG_CXX_LANGUAGE_STANDARD = "gnu++0x";
				CLANG_CXX_LIBRARY = "libc++";
				CLANG_ENABLE_MODULES = YES;
				CLANG_ENABLE_OBJC_ARC = YES;
				CLANG_WARN_BOOL_CONVERSION = YES;
				CLANG_WARN_CONSTANT_CONVERSION = YES;
				CLANG_WARN_DIRECT_OBJC_ISA_USAGE = YES_ERROR;
				CLANG_WARN_DOCUMENTATION_COMMENTS = YES;
				CLANG_WARN_EMPTY_BODY = YES;
				CLANG_WARN_ENUM_CONVERSION = YES;
				CLANG_WARN_INFINITE_RECURSION = YES;
				CLANG_WARN_INT_CONVERSION = YES;
				CLANG_WARN_OBJC_ROOT_CLASS = YES_ERROR;
				CLANG_WARN_SUSPICIOUS_MOVE = YES;
				CLANG_WARN_UNREACHABLE_CODE = YES;
				CLANG_WARN__DUPLICATE_METHOD_MATCH = YES;
				"CODE_SIGN_IDENTITY[sdk=iphoneos*]" = "iPhone Developer";
				COPY_PHASE_STRIP = NO;
				DEAD_CODE_STRIPPING = NO;
				DEBUG_INFORMATION_FORMAT = "dwarf-with-dsym";
				ENABLE_NS_ASSERTIONS = NO;
				ENABLE_STRICT_OBJC_MSGSEND = YES;
				GCC_C_LANGUAGE_STANDARD = gnu99;
				GCC_NO_COMMON_BLOCKS = YES;
				GCC_WARN_64_TO_32_BIT_CONVERSION = YES;
				GCC_WARN_ABOUT_RETURN_TYPE = YES_ERROR;
				GCC_WARN_UNDECLARED_SELECTOR = YES;
				GCC_WARN_UNINITIALIZED_AUTOS = YES_AGGRESSIVE;
				GCC_WARN_UNUSED_FUNCTION = YES;
				GCC_WARN_UNUSED_VARIABLE = YES;
				IPHONEOS_DEPLOYMENT_TARGET = 9.2;
				MTL_ENABLE_DEBUG_INFO = NO;
				SDKROOT = iphoneos;
				VALIDATE_PRODUCT = YES;
			};
			name = Release;
		};
		0D03EBE81E56B1E700C55E6B /* Debug */ = {
			isa = XCBuildConfiguration;
			buildSettings = {
				DEAD_CODE_STRIPPING = NO;
				DEVELOPMENT_TEAM = "";
				HEADER_SEARCH_PATHS = "$(SRCROOT)/../../node_modules/react-native/React";
				OTHER_LDFLAGS = "-ObjC";
				PRODUCT_NAME = "$(TARGET_NAME)";
				SKIP_INSTALL = YES;
			};
			name = Debug;
		};
		0D03EBE91E56B1E700C55E6B /* Release */ = {
			isa = XCBuildConfiguration;
			buildSettings = {
				DEAD_CODE_STRIPPING = NO;
				DEVELOPMENT_TEAM = "";
				HEADER_SEARCH_PATHS = "$(SRCROOT)/../../../react-native/React";
				OTHER_LDFLAGS = "-ObjC";
				PRODUCT_NAME = "$(TARGET_NAME)";
				SKIP_INSTALL = YES;
			};
			name = Release;
		};
/* End XCBuildConfiguration section */

/* Begin XCConfigurationList section */
		0D03EBD91E56B1E600C55E6B /* Build configuration list for PBXProject "RNiBeacon" */ = {
			isa = XCConfigurationList;
			buildConfigurations = (
				0D03EBE51E56B1E700C55E6B /* Debug */,
				0D03EBE61E56B1E700C55E6B /* Release */,
			);
			defaultConfigurationIsVisible = 0;
			defaultConfigurationName = Release;
		};
		0D03EBE71E56B1E700C55E6B /* Build configuration list for PBXNativeTarget "RNiBeacon" */ = {
			isa = XCConfigurationList;
			buildConfigurations = (
				0D03EBE81E56B1E700C55E6B /* Debug */,
				0D03EBE91E56B1E700C55E6B /* Release */,
			);
			defaultConfigurationIsVisible = 0;
			defaultConfigurationName = Release;
		};
/* End XCConfigurationList section */
	};
	rootObject = 0D03EBD61E56B1E600C55E6B /* Project object */;
}
